
Microsoft Visual Studio Solution File, Format Version 12.00
# Visual Studio Version 17
VisualStudioVersion = 17.8.34309.116
MinimumVisualStudioVersion = 10.0.40219.1
Project("{FAE04EC0-301F-11D3-BF4B-00C04F79EFBC}") = "ConsoleApp6", "ConsoleApp6\ConsoleApp6.csproj", "{35D7E823-9855-40BC-A9E8-9A0258476A56}"
EndProject
Global
	GlobalSection(SolutionConfigurationPlatforms) = preSolution
		Debug|Any CPU = Debug|Any CPU
		Release|Any CPU = Release|Any CPU
	EndGlobalSection
	GlobalSection(ProjectConfigurationPlatforms) = postSolution
		{35D7E823-9855-40BC-A9E8-9A0258476A56}.Debug|Any CPU.ActiveCfg = Debug|Any CPU
		{35D7E823-9855-40BC-A9E8-9A0258476A56}.Debug|Any CPU.Build.0 = Debug|Any CPU
		{35D7E823-9855-40BC-A9E8-9A0258476A56}.Release|Any CPU.ActiveCfg = Release|Any CPU
		{35D7E823-9855-40BC-A9E8-9A0258476A56}.Release|Any CPU.Build.0 = Release|Any CPU
	EndGlobalSection
	GlobalSection(SolutionProperties) = preSolution
		HideSolutionNode = FALSE
	EndGlobalSection
	GlobalSection(ExtensibilityGlobals) = postSolution
		SolutionGuid = {B89C3210-546C-4D35-BCC5-410335E795FD}
	EndGlobalSection
EndGlobal
